// !$*UTF8*$!
{
	archiveVersion = 1;
	classes = {
	};
	objectVersion = 46;
	objects = {

/* Begin PBXBuildFile section */
		0A22026B1644A35E00067C31 /* fixmoov.c in Sources */ = {isa = PBXBuildFile; fileRef = 0A22026A1644A35E00067C31 /* fixmoov.c */; };
		0A3220D916599CB700DE3601 /* dropfilehere.png in Resources */ = {isa = PBXBuildFile; fileRef = 0A3220CE16599CB700DE3601 /* dropfilehere.png */; };
		0A3220DA16599CB700DE3601 /* save_all.png in Resources */ = {isa = PBXBuildFile; fileRef = 0A3220CF16599CB700DE3601 /* save_all.png */; };
		0A3220DB16599CB700DE3601 /* autotag_all.png in Resources */ = {isa = PBXBuildFile; fileRef = 0A3220D016599CB700DE3601 /* autotag_all.png */; };
		0A3220DD16599CB700DE3601 /* autotag.png in Resources */ = {isa = PBXBuildFile; fileRef = 0A3220D216599CB700DE3601 /* autotag.png */; };
		0A3220DE16599CB700DE3601 /* gear2.png in Resources */ = {isa = PBXBuildFile; fileRef = 0A3220D316599CB700DE3601 /* gear2.png */; };
		0A3220DF16599CB700DE3601 /* minus.png in Resources */ = {isa = PBXBuildFile; fileRef = 0A3220D416599CB700DE3601 /* minus.png */; };
		0A3220E016599CB700DE3601 /* plus.png in Resources */ = {isa = PBXBuildFile; fileRef = 0A3220D516599CB700DE3601 /* plus.png */; };
		0A3220E116599CB700DE3601 /* save.png in Resources */ = {isa = PBXBuildFile; fileRef = 0A3220D616599CB700DE3601 /* save.png */; };
		0A3220E216599CB700DE3601 /* search.png in Resources */ = {isa = PBXBuildFile; fileRef = 0A3220D716599CB700DE3601 /* search.png */; };
		0A5BDF2E166FC8BD00E537FF /* autotag_all@2x.png in Resources */ = {isa = PBXBuildFile; fileRef = 0A5BDF23166FC8BC00E537FF /* autotag_all@2x.png */; };
		0A5BDF2F166FC8BD00E537FF /* autotag@2x.png in Resources */ = {isa = PBXBuildFile; fileRef = 0A5BDF24166FC8BC00E537FF /* autotag@2x.png */; };
		0A5BDF30166FC8BD00E537FF /* dropfilehere@2x.png in Resources */ = {isa = PBXBuildFile; fileRef = 0A5BDF25166FC8BC00E537FF /* dropfilehere@2x.png */; };
		0A5BDF31166FC8BD00E537FF /* gear2@2x.png in Resources */ = {isa = PBXBuildFile; fileRef = 0A5BDF26166FC8BC00E537FF /* gear2@2x.png */; };
		0A5BDF32166FC8BD00E537FF /* minus@2x.png in Resources */ = {isa = PBXBuildFile; fileRef = 0A5BDF27166FC8BC00E537FF /* minus@2x.png */; };
		0A5BDF33166FC8BD00E537FF /* mp4autotag.icns in Resources */ = {isa = PBXBuildFile; fileRef = 0A5BDF28166FC8BC00E537FF /* mp4autotag.icns */; };
		0A5BDF34166FC8BD00E537FF /* mp4autotag.iconset in Resources */ = {isa = PBXBuildFile; fileRef = 0A5BDF29166FC8BC00E537FF /* mp4autotag.iconset */; };
		0A5BDF35166FC8BD00E537FF /* plus@2x.png in Resources */ = {isa = PBXBuildFile; fileRef = 0A5BDF2A166FC8BC00E537FF /* plus@2x.png */; };
		0A5BDF36166FC8BD00E537FF /* save_all@2x.png in Resources */ = {isa = PBXBuildFile; fileRef = 0A5BDF2B166FC8BD00E537FF /* save_all@2x.png */; };
		0A5BDF37166FC8BD00E537FF /* save@2x.png in Resources */ = {isa = PBXBuildFile; fileRef = 0A5BDF2C166FC8BD00E537FF /* save@2x.png */; };
		0A5BDF38166FC8BD00E537FF /* search@2x.png in Resources */ = {isa = PBXBuildFile; fileRef = 0A5BDF2D166FC8BD00E537FF /* search@2x.png */; };
		0A61524916285A9E00B41F2C /* POPImage.m in Sources */ = {isa = PBXBuildFile; fileRef = 0A61524816285A9E00B41F2C /* POPImage.m */; };
		0A6581F616192A6800959142 /* POPXMLReader.m in Sources */ = {isa = PBXBuildFile; fileRef = 0A6581F516192A6800959142 /* POPXMLReader.m */; };
		0A6581FA16192CCA00959142 /* POPTVDB.m in Sources */ = {isa = PBXBuildFile; fileRef = 0A6581F916192CCA00959142 /* POPTVDB.m */; };
		0A85B7BB165E92D200D5127E /* Sparkle.framework in Frameworks */ = {isa = PBXBuildFile; fileRef = 0A85B7BA165E92D200D5127E /* Sparkle.framework */; };
		0A85B7BE165E933400D5127E /* Sparkle.framework in CopyFiles */ = {isa = PBXBuildFile; fileRef = 0A85B7BA165E92D200D5127E /* Sparkle.framework */; };
		0A8E77AB161760CA0027EB83 /* POPTask.m in Sources */ = {isa = PBXBuildFile; fileRef = 0A8E77AA161760CA0027EB83 /* POPTask.m */; };
		0A8E77BD16177CFF0027EB83 /* POPMp4FileTagTable.m in Sources */ = {isa = PBXBuildFile; fileRef = 0A8E77BC16177CFF0027EB83 /* POPMp4FileTagTable.m */; };
		0A8E77C5161877AC0027EB83 /* POPFileMan.m in Sources */ = {isa = PBXBuildFile; fileRef = 0A8E77C4161877AC0027EB83 /* POPFileMan.m */; };
		0A8E77CE1618A1510027EB83 /* POPMp4FileTagSearch.m in Sources */ = {isa = PBXBuildFile; fileRef = 0A8E77CD1618A1510027EB83 /* POPMp4FileTagSearch.m */; };
		0A8E77D11618A7F70027EB83 /* POPTMDB.m in Sources */ = {isa = PBXBuildFile; fileRef = 0A8E77D01618A7F70027EB83 /* POPTMDB.m */; };
		0A9CB315166907D5007478FB /* POPAutomatedAutotagWindow.m in Sources */ = {isa = PBXBuildFile; fileRef = 0A9CB314166907D5007478FB /* POPAutomatedAutotagWindow.m */; };
		0A9CB319166918CB007478FB /* POPAutomatedAutotagQueueView.m in Sources */ = {isa = PBXBuildFile; fileRef = 0A9CB318166918CA007478FB /* POPAutomatedAutotagQueueView.m */; };
		0A9CB31C16692AC6007478FB /* POPProgressWindow.m in Sources */ = {isa = PBXBuildFile; fileRef = 0A9CB31B16692AC6007478FB /* POPProgressWindow.m */; };
		0A9CB321166959EF007478FB /* POPAutomatedAutotagPropertyView.m in Sources */ = {isa = PBXBuildFile; fileRef = 0A9CB320166959EE007478FB /* POPAutomatedAutotagPropertyView.m */; };
		0A9FF4E61659A55E009B044C /* mp4art in Resources */ = {isa = PBXBuildFile; fileRef = 0A9FF4E31659A55E009B044C /* mp4art */; };
		0A9FF4E71659A55E009B044C /* mp4info in Resources */ = {isa = PBXBuildFile; fileRef = 0A9FF4E41659A55E009B044C /* mp4info */; };
		0A9FF4E81659A55E009B044C /* mp4tags in Resources */ = {isa = PBXBuildFile; fileRef = 0A9FF4E51659A55E009B044C /* mp4tags */; };
		0AAC9B97161718980067F41E /* POPLoadingWindow.m in Sources */ = {isa = PBXBuildFile; fileRef = 0AAC9B96161718980067F41E /* POPLoadingWindow.m */; };
		0AAC9B9C16173DB30067F41E /* POPMp4FileTag.m in Sources */ = {isa = PBXBuildFile; fileRef = 0AAC9B9B16173DB30067F41E /* POPMp4FileTag.m */; };
		0AD663751614B4D2005EA39C /* Cocoa.framework in Frameworks */ = {isa = PBXBuildFile; fileRef = 0AD663741614B4D2005EA39C /* Cocoa.framework */; };
		0AD6637F1614B4D2005EA39C /* InfoPlist.strings in Resources */ = {isa = PBXBuildFile; fileRef = 0AD6637D1614B4D2005EA39C /* InfoPlist.strings */; };
		0AD663811614B4D2005EA39C /* main.m in Sources */ = {isa = PBXBuildFile; fileRef = 0AD663801614B4D2005EA39C /* main.m */; };
		0AD663851614B4D2005EA39C /* Credits.rtf in Resources */ = {isa = PBXBuildFile; fileRef = 0AD663831614B4D2005EA39C /* Credits.rtf */; };
		0AD663881614B4D2005EA39C /* POPAppDelegate.m in Sources */ = {isa = PBXBuildFile; fileRef = 0AD663871614B4D2005EA39C /* POPAppDelegate.m */; };
		0AD6638B1614B4D3005EA39C /* MainMenu.xib in Resources */ = {isa = PBXBuildFile; fileRef = 0AD663891614B4D3005EA39C /* MainMenu.xib */; };
/* End PBXBuildFile section */

/* Begin PBXCopyFilesBuildPhase section */
		0A85B7BD165E931A00D5127E /* CopyFiles */ = {
			isa = PBXCopyFilesBuildPhase;
			buildActionMask = 2147483647;
			dstPath = "";
			dstSubfolderSpec = 10;
			files = (
				0A85B7BE165E933400D5127E /* Sparkle.framework in CopyFiles */,
			);
			runOnlyForDeploymentPostprocessing = 0;
		};
/* End PBXCopyFilesBuildPhase section */

/* Begin PBXFileReference section */
		0A22026A1644A35E00067C31 /* fixmoov.c */ = {isa = PBXFileReference; fileEncoding = 4; lastKnownFileType = sourcecode.c.c; path = fixmoov.c; sourceTree = "<group>"; };
		0A22026C1644A43D00067C31 /* fixmoov.h */ = {isa = PBXFileReference; lastKnownFileType = sourcecode.c.h; path = fixmoov.h; sourceTree = "<group>"; };
		0A3220CE16599CB700DE3601 /* dropfilehere.png */ = {isa = PBXFileReference; lastKnownFileType = image.png; name = dropfilehere.png; path = Mp4Autotag/art/dropfilehere.png; sourceTree = "<group>"; };
		0A3220CF16599CB700DE3601 /* save_all.png */ = {isa = PBXFileReference; lastKnownFileType = image.png; name = save_all.png; path = Mp4Autotag/art/save_all.png; sourceTree = "<group>"; };
		0A3220D016599CB700DE3601 /* autotag_all.png */ = {isa = PBXFileReference; lastKnownFileType = image.png; name = autotag_all.png; path = Mp4Autotag/art/autotag_all.png; sourceTree = "<group>"; };
		0A3220D216599CB700DE3601 /* autotag.png */ = {isa = PBXFileReference; lastKnownFileType = image.png; name = autotag.png; path = Mp4Autotag/art/autotag.png; sourceTree = "<group>"; };
		0A3220D316599CB700DE3601 /* gear2.png */ = {isa = PBXFileReference; lastKnownFileType = image.png; name = gear2.png; path = Mp4Autotag/art/gear2.png; sourceTree = "<group>"; };
		0A3220D416599CB700DE3601 /* minus.png */ = {isa = PBXFileReference; lastKnownFileType = image.png; name = minus.png; path = Mp4Autotag/art/minus.png; sourceTree = "<group>"; };
		0A3220D516599CB700DE3601 /* plus.png */ = {isa = PBXFileReference; lastKnownFileType = image.png; name = plus.png; path = Mp4Autotag/art/plus.png; sourceTree = "<group>"; };
		0A3220D616599CB700DE3601 /* save.png */ = {isa = PBXFileReference; lastKnownFileType = image.png; name = save.png; path = Mp4Autotag/art/save.png; sourceTree = "<group>"; };
		0A3220D716599CB700DE3601 /* search.png */ = {isa = PBXFileReference; lastKnownFileType = image.png; name = search.png; path = Mp4Autotag/art/search.png; sourceTree = "<group>"; };
		0A5BDF23166FC8BC00E537FF /* autotag_all@2x.png */ = {isa = PBXFileReference; lastKnownFileType = image.png; name = "autotag_all@2x.png"; path = "Mp4Autotag/art/autotag_all@2x.png"; sourceTree = "<group>"; };
		0A5BDF24166FC8BC00E537FF /* autotag@2x.png */ = {isa = PBXFileReference; lastKnownFileType = image.png; name = "autotag@2x.png"; path = "Mp4Autotag/art/autotag@2x.png"; sourceTree = "<group>"; };
		0A5BDF25166FC8BC00E537FF /* dropfilehere@2x.png */ = {isa = PBXFileReference; lastKnownFileType = image.png; name = "dropfilehere@2x.png"; path = "Mp4Autotag/art/dropfilehere@2x.png"; sourceTree = "<group>"; };
		0A5BDF26166FC8BC00E537FF /* gear2@2x.png */ = {isa = PBXFileReference; lastKnownFileType = image.png; name = "gear2@2x.png"; path = "Mp4Autotag/art/gear2@2x.png"; sourceTree = "<group>"; };
		0A5BDF27166FC8BC00E537FF /* minus@2x.png */ = {isa = PBXFileReference; lastKnownFileType = image.png; name = "minus@2x.png"; path = "Mp4Autotag/art/minus@2x.png"; sourceTree = "<group>"; };
		0A5BDF28166FC8BC00E537FF /* mp4autotag.icns */ = {isa = PBXFileReference; lastKnownFileType = image.icns; name = mp4autotag.icns; path = Mp4Autotag/art/mp4autotag.icns; sourceTree = "<group>"; };
		0A5BDF29166FC8BC00E537FF /* mp4autotag.iconset */ = {isa = PBXFileReference; lastKnownFileType = folder.iconset; name = mp4autotag.iconset; path = Mp4Autotag/art/mp4autotag.iconset; sourceTree = "<group>"; };
		0A5BDF2A166FC8BC00E537FF /* plus@2x.png */ = {isa = PBXFileReference; lastKnownFileType = image.png; name = "plus@2x.png"; path = "Mp4Autotag/art/plus@2x.png"; sourceTree = "<group>"; };
		0A5BDF2B166FC8BD00E537FF /* save_all@2x.png */ = {isa = PBXFileReference; lastKnownFileType = image.png; name = "save_all@2x.png"; path = "Mp4Autotag/art/save_all@2x.png"; sourceTree = "<group>"; };
		0A5BDF2C166FC8BD00E537FF /* save@2x.png */ = {isa = PBXFileReference; lastKnownFileType = image.png; name = "save@2x.png"; path = "Mp4Autotag/art/save@2x.png"; sourceTree = "<group>"; };
		0A5BDF2D166FC8BD00E537FF /* search@2x.png */ = {isa = PBXFileReference; lastKnownFileType = image.png; name = "search@2x.png"; path = "Mp4Autotag/art/search@2x.png"; sourceTree = "<group>"; };
		0A5BDF39166FC90B00E537FF /* mp4autotag.icns */ = {isa = PBXFileReference; lastKnownFileType = image.icns; path = mp4autotag.icns; sourceTree = "<group>"; };
		0A5BDF53166FDF4400E537FF /* Mp4Autotag.entitlements */ = {isa = PBXFileReference; lastKnownFileType = text.xml; path = Mp4Autotag.entitlements; sourceTree = "<group>"; };
		0A61524716285A9E00B41F2C /* POPImage.h */ = {isa = PBXFileReference; fileEncoding = 4; lastKnownFileType = sourcecode.c.h; path = POPImage.h; sourceTree = "<group>"; };
		0A61524816285A9E00B41F2C /* POPImage.m */ = {isa = PBXFileReference; fileEncoding = 4; lastKnownFileType = sourcecode.c.objc; path = POPImage.m; sourceTree = "<group>"; };
		0A6581F416192A6800959142 /* POPXMLReader.h */ = {isa = PBXFileReference; fileEncoding = 4; lastKnownFileType = sourcecode.c.h; path = POPXMLReader.h; sourceTree = "<group>"; };
		0A6581F516192A6800959142 /* POPXMLReader.m */ = {isa = PBXFileReference; fileEncoding = 4; lastKnownFileType = sourcecode.c.objc; path = POPXMLReader.m; sourceTree = "<group>"; };
		0A6581F816192CCA00959142 /* POPTVDB.h */ = {isa = PBXFileReference; fileEncoding = 4; lastKnownFileType = sourcecode.c.h; path = POPTVDB.h; sourceTree = "<group>"; };
		0A6581F916192CCA00959142 /* POPTVDB.m */ = {isa = PBXFileReference; fileEncoding = 4; lastKnownFileType = sourcecode.c.objc; path = POPTVDB.m; sourceTree = "<group>"; };
		0A85B7BA165E92D200D5127E /* Sparkle.framework */ = {isa = PBXFileReference; lastKnownFileType = wrapper.framework; path = Sparkle.framework; sourceTree = "<group>"; };
		0A8E77A9161760CA0027EB83 /* POPTask.h */ = {isa = PBXFileReference; fileEncoding = 4; lastKnownFileType = sourcecode.c.h; path = POPTask.h; sourceTree = "<group>"; };
		0A8E77AA161760CA0027EB83 /* POPTask.m */ = {isa = PBXFileReference; fileEncoding = 4; lastKnownFileType = sourcecode.c.objc; path = POPTask.m; sourceTree = "<group>"; };
		0A8E77BB16177CFF0027EB83 /* POPMp4FileTagTable.h */ = {isa = PBXFileReference; fileEncoding = 4; lastKnownFileType = sourcecode.c.h; path = POPMp4FileTagTable.h; sourceTree = "<group>"; };
		0A8E77BC16177CFF0027EB83 /* POPMp4FileTagTable.m */ = {isa = PBXFileReference; fileEncoding = 4; lastKnownFileType = sourcecode.c.objc; path = POPMp4FileTagTable.m; sourceTree = "<group>"; };
		0A8E77C3161877AC0027EB83 /* POPFileMan.h */ = {isa = PBXFileReference; fileEncoding = 4; lastKnownFileType = sourcecode.c.h; path = POPFileMan.h; sourceTree = "<group>"; };
		0A8E77C4161877AC0027EB83 /* POPFileMan.m */ = {isa = PBXFileReference; fileEncoding = 4; lastKnownFileType = sourcecode.c.objc; path = POPFileMan.m; sourceTree = "<group>"; };
		0A8E77CC1618A1510027EB83 /* POPMp4FileTagSearch.h */ = {isa = PBXFileReference; fileEncoding = 4; lastKnownFileType = sourcecode.c.h; path = POPMp4FileTagSearch.h; sourceTree = "<group>"; };
		0A8E77CD1618A1510027EB83 /* POPMp4FileTagSearch.m */ = {isa = PBXFileReference; fileEncoding = 4; lastKnownFileType = sourcecode.c.objc; path = POPMp4FileTagSearch.m; sourceTree = "<group>"; };
		0A8E77CF1618A7F70027EB83 /* POPTMDB.h */ = {isa = PBXFileReference; fileEncoding = 4; lastKnownFileType = sourcecode.c.h; path = POPTMDB.h; sourceTree = "<group>"; };
		0A8E77D01618A7F70027EB83 /* POPTMDB.m */ = {isa = PBXFileReference; fileEncoding = 4; lastKnownFileType = sourcecode.c.objc; path = POPTMDB.m; sourceTree = "<group>"; };
		0A9CB313166907D5007478FB /* POPAutomatedAutotagWindow.h */ = {isa = PBXFileReference; fileEncoding = 4; lastKnownFileType = sourcecode.c.h; path = POPAutomatedAutotagWindow.h; sourceTree = "<group>"; };
		0A9CB314166907D5007478FB /* POPAutomatedAutotagWindow.m */ = {isa = PBXFileReference; fileEncoding = 4; lastKnownFileType = sourcecode.c.objc; path = POPAutomatedAutotagWindow.m; sourceTree = "<group>"; };
		0A9CB317166918CA007478FB /* POPAutomatedAutotagQueueView.h */ = {isa = PBXFileReference; fileEncoding = 4; lastKnownFileType = sourcecode.c.h; path = POPAutomatedAutotagQueueView.h; sourceTree = "<group>"; };
		0A9CB318166918CA007478FB /* POPAutomatedAutotagQueueView.m */ = {isa = PBXFileReference; fileEncoding = 4; lastKnownFileType = sourcecode.c.objc; path = POPAutomatedAutotagQueueView.m; sourceTree = "<group>"; };
		0A9CB31A16692AC6007478FB /* POPProgressWindow.h */ = {isa = PBXFileReference; fileEncoding = 4; lastKnownFileType = sourcecode.c.h; path = POPProgressWindow.h; sourceTree = "<group>"; };
		0A9CB31B16692AC6007478FB /* POPProgressWindow.m */ = {isa = PBXFileReference; fileEncoding = 4; lastKnownFileType = sourcecode.c.objc; path = POPProgressWindow.m; sourceTree = "<group>"; };
		0A9CB31F166959EE007478FB /* POPAutomatedAutotagPropertyView.h */ = {isa = PBXFileReference; fileEncoding = 4; lastKnownFileType = sourcecode.c.h; path = POPAutomatedAutotagPropertyView.h; sourceTree = "<group>"; };
		0A9CB320166959EE007478FB /* POPAutomatedAutotagPropertyView.m */ = {isa = PBXFileReference; fileEncoding = 4; lastKnownFileType = sourcecode.c.objc; path = POPAutomatedAutotagPropertyView.m; sourceTree = "<group>"; };
		0A9FF4E31659A55E009B044C /* mp4art */ = {isa = PBXFileReference; lastKnownFileType = "compiled.mach-o.executable"; name = mp4art; path = bin/mp4art; sourceTree = "<group>"; };
		0A9FF4E41659A55E009B044C /* mp4info */ = {isa = PBXFileReference; lastKnownFileType = "compiled.mach-o.executable"; name = mp4info; path = bin/mp4info; sourceTree = "<group>"; };
		0A9FF4E51659A55E009B044C /* mp4tags */ = {isa = PBXFileReference; lastKnownFileType = "compiled.mach-o.executable"; name = mp4tags; path = bin/mp4tags; sourceTree = "<group>"; };
		0AAC9B95161718980067F41E /* POPLoadingWindow.h */ = {isa = PBXFileReference; fileEncoding = 4; lastKnownFileType = sourcecode.c.h; path = POPLoadingWindow.h; sourceTree = "<group>"; };
		0AAC9B96161718980067F41E /* POPLoadingWindow.m */ = {isa = PBXFileReference; fileEncoding = 4; lastKnownFileType = sourcecode.c.objc; path = POPLoadingWindow.m; sourceTree = "<group>"; };
		0AAC9B9A16173DB30067F41E /* POPMp4FileTag.h */ = {isa = PBXFileReference; fileEncoding = 4; lastKnownFileType = sourcecode.c.h; path = POPMp4FileTag.h; sourceTree = "<group>"; };
		0AAC9B9B16173DB30067F41E /* POPMp4FileTag.m */ = {isa = PBXFileReference; fileEncoding = 4; lastKnownFileType = sourcecode.c.objc; path = POPMp4FileTag.m; sourceTree = "<group>"; };
		0AD663701614B4D2005EA39C /* Mp4Autotag.app */ = {isa = PBXFileReference; explicitFileType = wrapper.application; includeInIndex = 0; path = Mp4Autotag.app; sourceTree = BUILT_PRODUCTS_DIR; };
		0AD663741614B4D2005EA39C /* Cocoa.framework */ = {isa = PBXFileReference; lastKnownFileType = wrapper.framework; name = Cocoa.framework; path = System/Library/Frameworks/Cocoa.framework; sourceTree = SDKROOT; };
		0AD663771614B4D2005EA39C /* AppKit.framework */ = {isa = PBXFileReference; lastKnownFileType = wrapper.framework; name = AppKit.framework; path = System/Library/Frameworks/AppKit.framework; sourceTree = SDKROOT; };
		0AD663781614B4D2005EA39C /* CoreData.framework */ = {isa = PBXFileReference; lastKnownFileType = wrapper.framework; name = CoreData.framework; path = System/Library/Frameworks/CoreData.framework; sourceTree = SDKROOT; };
		0AD663791614B4D2005EA39C /* Foundation.framework */ = {isa = PBXFileReference; lastKnownFileType = wrapper.framework; name = Foundation.framework; path = System/Library/Frameworks/Foundation.framework; sourceTree = SDKROOT; };
		0AD6637C1614B4D2005EA39C /* Mp4Autotag-Info.plist */ = {isa = PBXFileReference; lastKnownFileType = text.plist.xml; path = "Mp4Autotag-Info.plist"; sourceTree = "<group>"; };
		0AD6637E1614B4D2005EA39C /* en */ = {isa = PBXFileReference; lastKnownFileType = text.plist.strings; name = en; path = en.lproj/InfoPlist.strings; sourceTree = "<group>"; };
		0AD663801614B4D2005EA39C /* main.m */ = {isa = PBXFileReference; lastKnownFileType = sourcecode.c.objc; path = main.m; sourceTree = "<group>"; };
		0AD663821614B4D2005EA39C /* Mp4Autotag-Prefix.pch */ = {isa = PBXFileReference; lastKnownFileType = sourcecode.c.h; path = "Mp4Autotag-Prefix.pch"; sourceTree = "<group>"; };
		0AD663841614B4D2005EA39C /* en */ = {isa = PBXFileReference; lastKnownFileType = text.rtf; name = en; path = en.lproj/Credits.rtf; sourceTree = "<group>"; };
		0AD663861614B4D2005EA39C /* POPAppDelegate.h */ = {isa = PBXFileReference; lastKnownFileType = sourcecode.c.h; path = POPAppDelegate.h; sourceTree = "<group>"; };
		0AD663871614B4D2005EA39C /* POPAppDelegate.m */ = {isa = PBXFileReference; lastKnownFileType = sourcecode.c.objc; path = POPAppDelegate.m; sourceTree = "<group>"; };
		0AD6638A1614B4D3005EA39C /* en */ = {isa = PBXFileReference; lastKnownFileType = file.xib; name = en; path = en.lproj/MainMenu.xib; sourceTree = "<group>"; };
/* End PBXFileReference section */

/* Begin PBXFrameworksBuildPhase section */
		0AD6636D1614B4D2005EA39C /* Frameworks */ = {
			isa = PBXFrameworksBuildPhase;
			buildActionMask = 2147483647;
			files = (
				0AD663751614B4D2005EA39C /* Cocoa.framework in Frameworks */,
				0A85B7BB165E92D200D5127E /* Sparkle.framework in Frameworks */,
			);
			runOnlyForDeploymentPostprocessing = 0;
		};
/* End PBXFrameworksBuildPhase section */

/* Begin PBXGroup section */
		0AAC9B99161718B60067F41E /* Artwork */ = {
			isa = PBXGroup;
			children = (
				0A3220D216599CB700DE3601 /* autotag.png */,
				0A5BDF24166FC8BC00E537FF /* autotag@2x.png */,
				0A3220D016599CB700DE3601 /* autotag_all.png */,
				0A5BDF23166FC8BC00E537FF /* autotag_all@2x.png */,
				0A3220CE16599CB700DE3601 /* dropfilehere.png */,
				0A5BDF25166FC8BC00E537FF /* dropfilehere@2x.png */,
				0A3220D316599CB700DE3601 /* gear2.png */,
				0A5BDF26166FC8BC00E537FF /* gear2@2x.png */,
				0A3220D416599CB700DE3601 /* minus.png */,
				0A5BDF27166FC8BC00E537FF /* minus@2x.png */,
				0A5BDF28166FC8BC00E537FF /* mp4autotag.icns */,
				0A5BDF29166FC8BC00E537FF /* mp4autotag.iconset */,
				0A3220D516599CB700DE3601 /* plus.png */,
				0A5BDF2A166FC8BC00E537FF /* plus@2x.png */,
				0A3220CF16599CB700DE3601 /* save_all.png */,
				0A5BDF2B166FC8BD00E537FF /* save_all@2x.png */,
				0A3220D616599CB700DE3601 /* save.png */,
				0A5BDF2C166FC8BD00E537FF /* save@2x.png */,
				0A3220D716599CB700DE3601 /* search.png */,
				0A5BDF2D166FC8BD00E537FF /* search@2x.png */,
			);
			name = Artwork;
			sourceTree = "<group>";
		};
		0AAC9BA31617564C0067F41E /* Binaries */ = {
			isa = PBXGroup;
			children = (
				0A9FF4E31659A55E009B044C /* mp4art */,
				0A9FF4E41659A55E009B044C /* mp4info */,
				0A9FF4E51659A55E009B044C /* mp4tags */,
			);
			name = Binaries;
			path = Mp4Autotag;
			sourceTree = "<group>";
		};
		0AD663651614B4D1005EA39C = {
			isa = PBXGroup;
			children = (
				0A5BDF39166FC90B00E537FF /* mp4autotag.icns */,
				0AAC9B99161718B60067F41E /* Artwork */,
				0AAC9BA31617564C0067F41E /* Binaries */,
				0AD6637B1614B4D2005EA39C /* Supporting Files */,
				0AD6637A1614B4D2005EA39C /* Mp4Autotag */,
				0AD663731614B4D2005EA39C /* Frameworks */,
				0AD663711614B4D2005EA39C /* Products */,
			);
			sourceTree = "<group>";
		};
		0AD663711614B4D2005EA39C /* Products */ = {
			isa = PBXGroup;
			children = (
				0AD663701614B4D2005EA39C /* Mp4Autotag.app */,
			);
			name = Products;
			sourceTree = "<group>";
		};
		0AD663731614B4D2005EA39C /* Frameworks */ = {
			isa = PBXGroup;
			children = (
				0A85B7BA165E92D200D5127E /* Sparkle.framework */,
				0AD663741614B4D2005EA39C /* Cocoa.framework */,
				0AD663761614B4D2005EA39C /* Other Frameworks */,
			);
			name = Frameworks;
			sourceTree = "<group>";
		};
		0AD663761614B4D2005EA39C /* Other Frameworks */ = {
			isa = PBXGroup;
			children = (
				0AD663771614B4D2005EA39C /* AppKit.framework */,
				0AD663781614B4D2005EA39C /* CoreData.framework */,
				0AD663791614B4D2005EA39C /* Foundation.framework */,
			);
			name = "Other Frameworks";
			sourceTree = "<group>";
		};
		0AD6637A1614B4D2005EA39C /* Mp4Autotag */ = {
			isa = PBXGroup;
			children = (
				0A5BDF53166FDF4400E537FF /* Mp4Autotag.entitlements */,
				0AD663891614B4D3005EA39C /* MainMenu.xib */,
				0AD663861614B4D2005EA39C /* POPAppDelegate.h */,
				0AD663871614B4D2005EA39C /* POPAppDelegate.m */,
				0A9CB313166907D5007478FB /* POPAutomatedAutotagWindow.h */,
				0A9CB314166907D5007478FB /* POPAutomatedAutotagWindow.m */,
				0A9CB31A16692AC6007478FB /* POPProgressWindow.h */,
				0A9CB31B16692AC6007478FB /* POPProgressWindow.m */,
				0AAC9B95161718980067F41E /* POPLoadingWindow.h */,
				0AAC9B96161718980067F41E /* POPLoadingWindow.m */,
				0AAC9B9A16173DB30067F41E /* POPMp4FileTag.h */,
				0AAC9B9B16173DB30067F41E /* POPMp4FileTag.m */,
				0A8E77BB16177CFF0027EB83 /* POPMp4FileTagTable.h */,
				0A8E77BC16177CFF0027EB83 /* POPMp4FileTagTable.m */,
				0A8E77CC1618A1510027EB83 /* POPMp4FileTagSearch.h */,
				0A8E77CD1618A1510027EB83 /* POPMp4FileTagSearch.m */,
				0A9CB317166918CA007478FB /* POPAutomatedAutotagQueueView.h */,
				0A9CB318166918CA007478FB /* POPAutomatedAutotagQueueView.m */,
				0A9CB31F166959EE007478FB /* POPAutomatedAutotagPropertyView.h */,
				0A9CB320166959EE007478FB /* POPAutomatedAutotagPropertyView.m */,
				0A6581F816192CCA00959142 /* POPTVDB.h */,
				0A6581F916192CCA00959142 /* POPTVDB.m */,
				0A8E77CF1618A7F70027EB83 /* POPTMDB.h */,
				0A8E77D01618A7F70027EB83 /* POPTMDB.m */,
				0A8E77A9161760CA0027EB83 /* POPTask.h */,
				0A8E77AA161760CA0027EB83 /* POPTask.m */,
				0A8E77C3161877AC0027EB83 /* POPFileMan.h */,
				0A8E77C4161877AC0027EB83 /* POPFileMan.m */,
				0A6581F416192A6800959142 /* POPXMLReader.h */,
				0A61524716285A9E00B41F2C /* POPImage.h */,
				0A61524816285A9E00B41F2C /* POPImage.m */,
				0A6581F516192A6800959142 /* POPXMLReader.m */,
				0A22026A1644A35E00067C31 /* fixmoov.c */,
				0A22026C1644A43D00067C31 /* fixmoov.h */,
			);
			path = Mp4Autotag;
			sourceTree = "<group>";
		};
		0AD6637B1614B4D2005EA39C /* Supporting Files */ = {
			isa = PBXGroup;
			children = (
				0AD6637C1614B4D2005EA39C /* Mp4Autotag-Info.plist */,
				0AD6637D1614B4D2005EA39C /* InfoPlist.strings */,
				0AD663801614B4D2005EA39C /* main.m */,
				0AD663821614B4D2005EA39C /* Mp4Autotag-Prefix.pch */,
				0AD663831614B4D2005EA39C /* Credits.rtf */,
			);
			name = "Supporting Files";
			path = Mp4Autotag;
			sourceTree = "<group>";
		};
/* End PBXGroup section */

/* Begin PBXNativeTarget section */
		0AD6636F1614B4D2005EA39C /* Mp4Autotag */ = {
			isa = PBXNativeTarget;
			buildConfigurationList = 0AD6638E1614B4D3005EA39C /* Build configuration list for PBXNativeTarget "Mp4Autotag" */;
			buildPhases = (
				0AD6636C1614B4D2005EA39C /* Sources */,
				0AD6636D1614B4D2005EA39C /* Frameworks */,
				0AD6636E1614B4D2005EA39C /* Resources */,
				0A85B7BD165E931A00D5127E /* CopyFiles */,
			);
			buildRules = (
			);
			dependencies = (
			);
			name = Mp4Autotag;
			productName = Mp4Autotag;
			productReference = 0AD663701614B4D2005EA39C /* Mp4Autotag.app */;
			productType = "com.apple.product-type.application";
		};
/* End PBXNativeTarget section */

/* Begin PBXProject section */
		0AD663671614B4D1005EA39C /* Project object */ = {
			isa = PBXProject;
			attributes = {
				CLASSPREFIX = POP;
				LastUpgradeCheck = 0450;
			};
			buildConfigurationList = 0AD6636A1614B4D1005EA39C /* Build configuration list for PBXProject "Mp4Autotag" */;
			compatibilityVersion = "Xcode 3.2";
			developmentRegion = English;
			hasScannedForEncodings = 0;
			knownRegions = (
				en,
			);
			mainGroup = 0AD663651614B4D1005EA39C;
			productRefGroup = 0AD663711614B4D2005EA39C /* Products */;
			projectDirPath = "";
			projectRoot = "";
			targets = (
				0AD6636F1614B4D2005EA39C /* Mp4Autotag */,
			);
		};
/* End PBXProject section */

/* Begin PBXResourcesBuildPhase section */
		0AD6636E1614B4D2005EA39C /* Resources */ = {
			isa = PBXResourcesBuildPhase;
			buildActionMask = 2147483647;
			files = (
				0AD6637F1614B4D2005EA39C /* InfoPlist.strings in Resources */,
				0AD663851614B4D2005EA39C /* Credits.rtf in Resources */,
				0AD6638B1614B4D3005EA39C /* MainMenu.xib in Resources */,
				0A3220D916599CB700DE3601 /* dropfilehere.png in Resources */,
				0A3220DA16599CB700DE3601 /* save_all.png in Resources */,
				0A3220DB16599CB700DE3601 /* autotag_all.png in Resources */,
				0A3220DD16599CB700DE3601 /* autotag.png in Resources */,
				0A3220DE16599CB700DE3601 /* gear2.png in Resources */,
				0A3220DF16599CB700DE3601 /* minus.png in Resources */,
				0A3220E016599CB700DE3601 /* plus.png in Resources */,
				0A3220E116599CB700DE3601 /* save.png in Resources */,
				0A3220E216599CB700DE3601 /* search.png in Resources */,
				0A9FF4E61659A55E009B044C /* mp4art in Resources */,
				0A9FF4E71659A55E009B044C /* mp4info in Resources */,
				0A9FF4E81659A55E009B044C /* mp4tags in Resources */,
				0A5BDF2E166FC8BD00E537FF /* autotag_all@2x.png in Resources */,
				0A5BDF2F166FC8BD00E537FF /* autotag@2x.png in Resources */,
				0A5BDF30166FC8BD00E537FF /* dropfilehere@2x.png in Resources */,
				0A5BDF31166FC8BD00E537FF /* gear2@2x.png in Resources */,
				0A5BDF32166FC8BD00E537FF /* minus@2x.png in Resources */,
				0A5BDF33166FC8BD00E537FF /* mp4autotag.icns in Resources */,
				0A5BDF34166FC8BD00E537FF /* mp4autotag.iconset in Resources */,
				0A5BDF35166FC8BD00E537FF /* plus@2x.png in Resources */,
				0A5BDF36166FC8BD00E537FF /* save_all@2x.png in Resources */,
				0A5BDF37166FC8BD00E537FF /* save@2x.png in Resources */,
				0A5BDF38166FC8BD00E537FF /* search@2x.png in Resources */,
			);
			runOnlyForDeploymentPostprocessing = 0;
		};
/* End PBXResourcesBuildPhase section */

/* Begin PBXSourcesBuildPhase section */
		0AD6636C1614B4D2005EA39C /* Sources */ = {
			isa = PBXSourcesBuildPhase;
			buildActionMask = 2147483647;
			files = (
				0AD663811614B4D2005EA39C /* main.m in Sources */,
				0AD663881614B4D2005EA39C /* POPAppDelegate.m in Sources */,
				0AAC9B97161718980067F41E /* POPLoadingWindow.m in Sources */,
				0AAC9B9C16173DB30067F41E /* POPMp4FileTag.m in Sources */,
				0A8E77AB161760CA0027EB83 /* POPTask.m in Sources */,
				0A8E77BD16177CFF0027EB83 /* POPMp4FileTagTable.m in Sources */,
				0A8E77C5161877AC0027EB83 /* POPFileMan.m in Sources */,
				0A8E77CE1618A1510027EB83 /* POPMp4FileTagSearch.m in Sources */,
				0A8E77D11618A7F70027EB83 /* POPTMDB.m in Sources */,
				0A6581F616192A6800959142 /* POPXMLReader.m in Sources */,
				0A6581FA16192CCA00959142 /* POPTVDB.m in Sources */,
				0A61524916285A9E00B41F2C /* POPImage.m in Sources */,
				0A22026B1644A35E00067C31 /* fixmoov.c in Sources */,
				0A9CB315166907D5007478FB /* POPAutomatedAutotagWindow.m in Sources */,
				0A9CB319166918CB007478FB /* POPAutomatedAutotagQueueView.m in Sources */,
				0A9CB31C16692AC6007478FB /* POPProgressWindow.m in Sources */,
				0A9CB321166959EF007478FB /* POPAutomatedAutotagPropertyView.m in Sources */,
			);
			runOnlyForDeploymentPostprocessing = 0;
		};
/* End PBXSourcesBuildPhase section */

/* Begin PBXVariantGroup section */
		0AD6637D1614B4D2005EA39C /* InfoPlist.strings */ = {
			isa = PBXVariantGroup;
			children = (
				0AD6637E1614B4D2005EA39C /* en */,
			);
			name = InfoPlist.strings;
			sourceTree = "<group>";
		};
		0AD663831614B4D2005EA39C /* Credits.rtf */ = {
			isa = PBXVariantGroup;
			children = (
				0AD663841614B4D2005EA39C /* en */,
			);
			name = Credits.rtf;
			sourceTree = "<group>";
		};
		0AD663891614B4D3005EA39C /* MainMenu.xib */ = {
			isa = PBXVariantGroup;
			children = (
				0AD6638A1614B4D3005EA39C /* en */,
			);
			name = MainMenu.xib;
			sourceTree = "<group>";
		};
/* End PBXVariantGroup section */

/* Begin XCBuildConfiguration section */
		0AD6638C1614B4D3005EA39C /* Debug */ = {
			isa = XCBuildConfiguration;
			buildSettings = {
				ALWAYS_SEARCH_USER_PATHS = NO;
				ARCHS = "$(ARCHS_STANDARD_64_BIT)";
				CLANG_ENABLE_OBJC_ARC = YES;
				CODE_SIGN_IDENTITY = "3rd Party Mac Developer Application";
				COPY_PHASE_STRIP = NO;
				GCC_C_LANGUAGE_STANDARD = gnu99;
				GCC_DYNAMIC_NO_PIC = NO;
				GCC_ENABLE_OBJC_EXCEPTIONS = YES;
				GCC_OPTIMIZATION_LEVEL = 0;
				GCC_PREPROCESSOR_DEFINITIONS = (
					"DEBUG=1",
					"$(inherited)",
				);
				GCC_SYMBOLS_PRIVATE_EXTERN = NO;
				GCC_VERSION = com.apple.compilers.llvm.clang.1_0;
				GCC_WARN_64_TO_32_BIT_CONVERSION = YES;
				GCC_WARN_ABOUT_RETURN_TYPE = YES;
				GCC_WARN_UNINITIALIZED_AUTOS = YES;
				GCC_WARN_UNUSED_VARIABLE = YES;
				MACOSX_DEPLOYMENT_TARGET = 10.7;
				ONLY_ACTIVE_ARCH = YES;
				PROVISIONING_PROFILE = "";
				SDKROOT = macosx;
			};
			name = Debug;
		};
		0AD6638D1614B4D3005EA39C /* Release */ = {
			isa = XCBuildConfiguration;
			buildSettings = {
				ALWAYS_SEARCH_USER_PATHS = NO;
				ARCHS = "$(ARCHS_STANDARD_64_BIT)";
				CLANG_ENABLE_OBJC_ARC = YES;
				CODE_SIGN_IDENTITY = "3rd Party Mac Developer Application";
				COPY_PHASE_STRIP = YES;
				DEBUG_INFORMATION_FORMAT = "dwarf-with-dsym";
				GCC_C_LANGUAGE_STANDARD = gnu99;
				GCC_ENABLE_OBJC_EXCEPTIONS = YES;
				GCC_VERSION = com.apple.compilers.llvm.clang.1_0;
				GCC_WARN_64_TO_32_BIT_CONVERSION = YES;
				GCC_WARN_ABOUT_RETURN_TYPE = YES;
				GCC_WARN_UNINITIALIZED_AUTOS = YES;
				GCC_WARN_UNUSED_VARIABLE = YES;
				MACOSX_DEPLOYMENT_TARGET = 10.7;
				PROVISIONING_PROFILE = "";
				SDKROOT = macosx;
			};
			name = Release;
		};
		0AD6638F1614B4D3005EA39C /* Debug */ = {
			isa = XCBuildConfiguration;
			buildSettings = {
				CODE_SIGN_ENTITLEMENTS = Mp4Autotag/Mp4Autotag.entitlements;
				COMBINE_HIDPI_IMAGES = YES;
				FRAMEWORK_SEARCH_PATHS = (
					"$(inherited)",
					"\"$(SRCROOT)\"",
				);
				GCC_PRECOMPILE_PREFIX_HEADER = YES;
				GCC_PREFIX_HEADER = "Mp4Autotag/Mp4Autotag-Prefix.pch";
				INFOPLIST_FILE = "Mp4Autotag/Mp4Autotag-Info.plist";
				MACOSX_DEPLOYMENT_TARGET = 10.7;
				PRODUCT_NAME = "$(TARGET_NAME)";
				WRAPPER_EXTENSION = app;
			};
			name = Debug;
		};
		0AD663901614B4D3005EA39C /* Release */ = {
			isa = XCBuildConfiguration;
			buildSettings = {
				CODE_SIGN_ENTITLEMENTS = Mp4Autotag/Mp4Autotag.entitlements;
				COMBINE_HIDPI_IMAGES = YES;
				FRAMEWORK_SEARCH_PATHS = (
					"$(inherited)",
					"\"$(SRCROOT)\"",
				);
				GCC_PRECOMPILE_PREFIX_HEADER = YES;
				GCC_PREFIX_HEADER = "Mp4Autotag/Mp4Autotag-Prefix.pch";
				INFOPLIST_FILE = "Mp4Autotag/Mp4Autotag-Info.plist";
				MACOSX_DEPLOYMENT_TARGET = 10.7;
				PRODUCT_NAME = "$(TARGET_NAME)";
				WRAPPER_EXTENSION = app;
			};
			name = Release;
		};
/* End XCBuildConfiguration section */

/* Begin XCConfigurationList section */
		0AD6636A1614B4D1005EA39C /* Build configuration list for PBXProject "Mp4Autotag" */ = {
			isa = XCConfigurationList;
			buildConfigurations = (
				0AD6638C1614B4D3005EA39C /* Debug */,
				0AD6638D1614B4D3005EA39C /* Release */,
			);
			defaultConfigurationIsVisible = 0;
			defaultConfigurationName = Release;
		};
		0AD6638E1614B4D3005EA39C /* Build configuration list for PBXNativeTarget "Mp4Autotag" */ = {
			isa = XCConfigurationList;
			buildConfigurations = (
				0AD6638F1614B4D3005EA39C /* Debug */,
				0AD663901614B4D3005EA39C /* Release */,
			);
			defaultConfigurationIsVisible = 0;
			defaultConfigurationName = Release;
		};
/* End XCConfigurationList section */
	};
	rootObject = 0AD663671614B4D1005EA39C /* Project object */;
}
